
Microsoft Visual Studio Solution File, Format Version 12.00
# Visual Studio Version 17
VisualStudioVersion = 17.1.32421.90
MinimumVisualStudioVersion = 10.0.40219.1
Project("{FAE04EC0-301F-11D3-BF4B-00C04F79EFBC}") = "TestWebAPICapas", "TestWebAPICapas\TestWebAPICapas.csproj", "{5527F4E8-1F4F-4B36-907A-CE13026684C4}"
EndProject
Project("{FAE04EC0-301F-11D3-BF4B-00C04F79EFBC}") = "Business", "Business\Business.csproj", "{8837756D-183C-4FEA-8094-429C9E552B14}"
EndProject
Project("{FAE04EC0-301F-11D3-BF4B-00C04F79EFBC}") = "Common", "Common\Common.csproj", "{0467B093-2E19-409B-813C-50E76C1F70AB}"
EndProject
Project("{FAE04EC0-301F-11D3-BF4B-00C04F79EFBC}") = "Models", "Models\Models.csproj", "{3C007AEB-2021-4CD1-8D58-CA7A4FC987F1}"
EndProject
Project("{FAE04EC0-301F-11D3-BF4B-00C04F79EFBC}") = "DataAccess", "DataAccess\DataAccess.csproj", "{20781CCE-34CD-4EF3-A26B-C2DD859D1A8B}"
EndProject
Global
	GlobalSection(SolutionConfigurationPlatforms) = preSolution
		Debug|Any CPU = Debug|Any CPU
		Release|Any CPU = Release|Any CPU
	EndGlobalSection
	GlobalSection(ProjectConfigurationPlatforms) = postSolution
		{5527F4E8-1F4F-4B36-907A-CE13026684C4}.Debug|Any CPU.ActiveCfg = Debug|Any CPU
		{5527F4E8-1F4F-4B36-907A-CE13026684C4}.Debug|Any CPU.Build.0 = Debug|Any CPU
		{5527F4E8-1F4F-4B36-907A-CE13026684C4}.Release|Any CPU.ActiveCfg = Release|Any CPU
		{5527F4E8-1F4F-4B36-907A-CE13026684C4}.Release|Any CPU.Build.0 = Release|Any CPU
		{8837756D-183C-4FEA-8094-429C9E552B14}.Debug|Any CPU.ActiveCfg = Debug|Any CPU
		{8837756D-183C-4FEA-8094-429C9E552B14}.Debug|Any CPU.Build.0 = Debug|Any CPU
		{8837756D-183C-4FEA-8094-429C9E552B14}.Release|Any CPU.ActiveCfg = Release|Any CPU
		{8837756D-183C-4FEA-8094-429C9E552B14}.Release|Any CPU.Build.0 = Release|Any CPU
		{0467B093-2E19-409B-813C-50E76C1F70AB}.Debug|Any CPU.ActiveCfg = Debug|Any CPU
		{0467B093-2E19-409B-813C-50E76C1F70AB}.Debug|Any CPU.Build.0 = Debug|Any CPU
		{0467B093-2E19-409B-813C-50E76C1F70AB}.Release|Any CPU.ActiveCfg = Release|Any CPU
		{0467B093-2E19-409B-813C-50E76C1F70AB}.Release|Any CPU.Build.0 = Release|Any CPU
		{3C007AEB-2021-4CD1-8D58-CA7A4FC987F1}.Debug|Any CPU.ActiveCfg = Debug|Any CPU
		{3C007AEB-2021-4CD1-8D58-CA7A4FC987F1}.Debug|Any CPU.Build.0 = Debug|Any CPU
		{3C007AEB-2021-4CD1-8D58-CA7A4FC987F1}.Release|Any CPU.ActiveCfg = Release|Any CPU
		{3C007AEB-2021-4CD1-8D58-CA7A4FC987F1}.Release|Any CPU.Build.0 = Release|Any CPU
		{20781CCE-34CD-4EF3-A26B-C2DD859D1A8B}.Debug|Any CPU.ActiveCfg = Debug|Any CPU
		{20781CCE-34CD-4EF3-A26B-C2DD859D1A8B}.Debug|Any CPU.Build.0 = Debug|Any CPU
		{20781CCE-34CD-4EF3-A26B-C2DD859D1A8B}.Release|Any CPU.ActiveCfg = Release|Any CPU
		{20781CCE-34CD-4EF3-A26B-C2DD859D1A8B}.Release|Any CPU.Build.0 = Release|Any CPU
	EndGlobalSection
	GlobalSection(SolutionProperties) = preSolution
		HideSolutionNode = FALSE
	EndGlobalSection
	GlobalSection(ExtensibilityGlobals) = postSolution
		SolutionGuid = {FD45C261-08F6-40A0-99FA-2B6BCF8F0675}
	EndGlobalSection
EndGlobal
